# THIS IS AN AUTOGENERATED FILE. DO NOT EDIT THIS FILE DIRECTLY.
# yarn lockfile v1


"@types/nanographql@^2.0.1":
  version "2.0.1"
  resolved "https://registry.yarnpkg.com/@types/nanographql/-/nanographql-2.0.1.tgz#f5e83d8dfbb2ce43873ca00526164f8cab77dc2d"
  integrity sha512-1WqTOVub3K/Hmym7bJnZP1jz5BT8JkINUv3sU+1A5IQY7OJZN8r+yfeczSbMD0MJlvDOLpcS81ykp94sHGdJhg==

"@types/node-fetch@^2.1.4":
  version "2.1.4"
  resolved "https://registry.yarnpkg.com/@types/node-fetch/-/node-fetch-2.1.4.tgz#093d1beae11541aef25999d70aa09286fd025b1a"
  integrity sha512-tR1ekaXUGpmzOcDXWU9BW73YfA2/VW1DF1FH+wlJ82BbCSnWTbdX+JkqWQXWKIGsFPnPsYadbXfNgz28g+ccWg==
  dependencies:
    "@types/node" "*"

"@types/node@*":
  version "10.12.18"
  resolved "https://registry.yarnpkg.com/@types/node/-/node-10.12.18.tgz#1d3ca764718915584fcd9f6344621b7672665c67"
  integrity sha512-fh+pAqt4xRzPfqA6eh3Z2y6fyZavRIumvjhaCL753+TVkGKGhpPeyrJG2JftD0T9q4GF00KjefsQ+PQNDdWQaQ==

nanographql@^2.0.0:
  version "2.0.0"
  resolved "https://registry.yarnpkg.com/nanographql/-/nanographql-2.0.0.tgz#d6d0a0839b27f7cd4de6385bcff215fe8058c7bc"
  integrity sha512-Ze4qVPPG9yGmPzaM0LTKGGEkYQ9BQvvKwOkrrw4iqHVTByuVE02l50XZV+bCfABHLLs+Fm2+vJ+H9eXxFKtavQ==

node-fetch@^2.3.0:
  version "2.3.0"
  resolved "https://registry.yarnpkg.com/node-fetch/-/node-fetch-2.3.0.tgz#1a1d940bbfb916a1d3e0219f037e89e71f8c5fa5"
  integrity sha512-MOd8pV3fxENbryESLgVIeaGKrdl+uaYhCSSVkjeOb/31/njTpcis5aWfdqgNlHIrKOLRbMnfPINPOML2CIFeXA==

perish@^1.0.2:
  version "1.0.2"
  resolved "https://registry.yarnpkg.com/perish/-/perish-1.0.2.tgz#516eba8792bc76cdb381b69f3243d2213cc4cba3"
  integrity sha512-VWFRnVQTyKr/5THvVtwsyIAvXI0fZhhZwKK73MLfbxnsrs00yUDc+KQZ7EmX+DfAGhsysiORIkEGmp3BaOEEgw==

typescript@^3.2.2:
  version "3.2.2"
  resolved "https://registry.yarnpkg.com/typescript/-/typescript-3.2.2.tgz#fe8101c46aa123f8353523ebdcf5730c2ae493e5"
  integrity sha512-VCj5UiSyHBjwfYacmDuc/NOk4QQixbE+Wn7MFJuS0nRuPQbof132Pw4u53dm264O8LPc2MVsc7RJNml5szurkg==
